# Generated by `python -m app_bundle lock` for aarch64-apple-darwin.
# Every entry is pinned and hashed: this is the set of binaries the
# signing plan enumerates, so changing it is a reviewed act.
#
# The engine itself is not here — it is installed from the checkout with
# --no-deps, because it is not published.
aioice==0.10.2 \
    --hash=sha256:14911c15ab12d096dd14d372ebb4aecbb7420b52c9b76fdfcf54375dec17fcbf
aiortc==1.15.0 \
    --hash=sha256:4e1e54bff31a9c2cb654c7b7edc068085a7df53365e5df24a5cb24168e3f95f7
av==17.1.0 \
    --hash=sha256:43ebbe977f19a7f2d2bd1a4e119675a0b15e05852cf7309846b6ab922ba7ffe9
cffi==2.1.1 \
    --hash=sha256:f81b3b8f3d4e343550fa4baa0e479bba9f2d29ce9c2e9b51d1ce1718d7442fcf
cryptography==50.0.0 \
    --hash=sha256:031e2d5dd4bb9caa3ca9c82e5a197fd8ae680232cee62603d1a813f3f07e3d03
dnspython==2.8.0 \
    --hash=sha256:01d9bbc4a2d76bf0db7c1f729812ded6d912bd318d3b1cf81d30c0f845dbf3af
google-crc32c==1.8.0 \
    --hash=sha256:4b8286b659c1335172e39563ab0a768b8015e88e08329fa5321f774275fc3113
ifaddr==0.2.0 \
    --hash=sha256:085e0305cfe6f16ab12d72e2024030f5d52674afad6911bb1eee207177b8a748
pycparser==3.0 \
    --hash=sha256:b727414169a36b7d524c1c3e31839a521725078d7b2ff038656844266160a992
pyee==14.0.0 \
    --hash=sha256:3ac2d3229a9677f7de2c33d7f52fe25b638a46b19c413fea2edc8c6d0a644e4d
pylibsrtp==1.0.0 \
    --hash=sha256:aaad74e5c8cbc1c32056c3767fea494c1e62b3aea2c908eda2a1051389fdad76
pyOpenSSL==26.4.0 \
    --hash=sha256:f0eb0cb2d581d3ad2b9c489468485e7f2ab6727d08401bcf9d824c3caddf3c1c
sounddevice==0.5.6 \
    --hash=sha256:e3aef00ad8b1d1740eb66d9a7671eab88a4d2b8fa4ab33498d742e63b65c309c
typing_extensions==4.16.0 \
    --hash=sha256:481caa481374e813c1b176ada14e97f1f67a4539ce9cfeb3f350d78d6370c2e8
